# .github/copilot/PROMPTS.lock
#
# Auto-generated by scripts/check-prompts-lock.mjs --write.
# DO NOT hand-edit. Update the corresponding fragment in PROMPTS.md
# and re-run `npm run check:prompts -- --write`.
#
# Each line is "<name> <sha256-prefix>". The hash covers the
# trimmed fragment body (everything between the `## Fragment:`
# header and the next `## ` header).

__universal__ 7f957103af2fb8c4
coverage-gap-fill c65105ca1dfb2066
dep-vuln-bump 2ddb0b395fae3220
fix-android-lint 00fa736f8e89d75b
fix-codeql 029949785200aac2
fix-compatibility cad50daef8361ec2
fix-lint e394a299397e1a21
fix-secret-leak 0ff1e8cabfc2ee8f
fix-test-failure 49526b9193acbb18
